
Microsoft Visual Studio Solution File, Format Version 12.00
# Visual Studio 15
VisualStudioVersion = 15.0.26228.102
MinimumVisualStudioVersion = 10.0.40219.1
Project("{FAE04EC0-301F-11D3-BF4B-00C04F79EFBC}") = "MyShop.Core", "MyShop.Core\MyShop.Core.csproj", "{90FF5652-19CD-4CBC-81C0-E59F645D2489}"
EndProject
Project("{FAE04EC0-301F-11D3-BF4B-00C04F79EFBC}") = "MyShop.Services", "MyShop.Services\MyShop.Services.csproj", "{5C741173-A9C8-4689-9468-FB7CD7E45E63}"
EndProject
Project("{FAE04EC0-301F-11D3-BF4B-00C04F79EFBC}") = "MyShop.DataAccess.Sql", "MyShop.DataAccess.Sql\MyShop.DataAccess.Sql.csproj", "{919FA45B-BAA7-4116-B884-F27897324CA2}"
EndProject
Project("{FAE04EC0-301F-11D3-BF4B-00C04F79EFBC}") = "MyShop.DataAccess.InMemory", "MyShop.DataAccess.InMemory\MyShop.DataAccess.InMemory.csproj", "{EFA2960E-4BFE-4A6C-A4DB-F75609EF92F7}"
EndProject
Project("{FAE04EC0-301F-11D3-BF4B-00C04F79EFBC}") = "MyShop.WebUI", "MyShop.WebUI\MyShop.WebUI.csproj", "{53B26BD3-5573-4C9C-A5C9-C8AC472A6C29}"
EndProject
Project("{FAE04EC0-301F-11D3-BF4B-00C04F79EFBC}") = "MyShop.WebUI.Tests", "MyShop.WebUI.Tests\MyShop.WebUI.Tests.csproj", "{25AFF640-DA1C-4E58-A70E-60A5517EBEAE}"
EndProject
Global
	GlobalSection(SolutionConfigurationPlatforms) = preSolution
		Debug|Any CPU = Debug|Any CPU
		Release|Any CPU = Release|Any CPU
	EndGlobalSection
	GlobalSection(ProjectConfigurationPlatforms) = postSolution
		{90FF5652-19CD-4CBC-81C0-E59F645D2489}.Debug|Any CPU.ActiveCfg = Debug|Any CPU
		{90FF5652-19CD-4CBC-81C0-E59F645D2489}.Debug|Any CPU.Build.0 = Debug|Any CPU
		{90FF5652-19CD-4CBC-81C0-E59F645D2489}.Release|Any CPU.ActiveCfg = Release|Any CPU
		{90FF5652-19CD-4CBC-81C0-E59F645D2489}.Release|Any CPU.Build.0 = Release|Any CPU
		{5C741173-A9C8-4689-9468-FB7CD7E45E63}.Debug|Any CPU.ActiveCfg = Debug|Any CPU
		{5C741173-A9C8-4689-9468-FB7CD7E45E63}.Debug|Any CPU.Build.0 = Debug|Any CPU
		{5C741173-A9C8-4689-9468-FB7CD7E45E63}.Release|Any CPU.ActiveCfg = Release|Any CPU
		{5C741173-A9C8-4689-9468-FB7CD7E45E63}.Release|Any CPU.Build.0 = Release|Any CPU
		{919FA45B-BAA7-4116-B884-F27897324CA2}.Debug|Any CPU.ActiveCfg = Debug|Any CPU
		{919FA45B-BAA7-4116-B884-F27897324CA2}.Debug|Any CPU.Build.0 = Debug|Any CPU
		{919FA45B-BAA7-4116-B884-F27897324CA2}.Release|Any CPU.ActiveCfg = Release|Any CPU
		{919FA45B-BAA7-4116-B884-F27897324CA2}.Release|Any CPU.Build.0 = Release|Any CPU
		{EFA2960E-4BFE-4A6C-A4DB-F75609EF92F7}.Debug|Any CPU.ActiveCfg = Debug|Any CPU
		{EFA2960E-4BFE-4A6C-A4DB-F75609EF92F7}.Debug|Any CPU.Build.0 = Debug|Any CPU
		{EFA2960E-4BFE-4A6C-A4DB-F75609EF92F7}.Release|Any CPU.ActiveCfg = Release|Any CPU
		{EFA2960E-4BFE-4A6C-A4DB-F75609EF92F7}.Release|Any CPU.Build.0 = Release|Any CPU
		{53B26BD3-5573-4C9C-A5C9-C8AC472A6C29}.Debug|Any CPU.ActiveCfg = Debug|Any CPU
		{53B26BD3-5573-4C9C-A5C9-C8AC472A6C29}.Debug|Any CPU.Build.0 = Debug|Any CPU
		{53B26BD3-5573-4C9C-A5C9-C8AC472A6C29}.Release|Any CPU.ActiveCfg = Release|Any CPU
		{53B26BD3-5573-4C9C-A5C9-C8AC472A6C29}.Release|Any CPU.Build.0 = Release|Any CPU
		{25AFF640-DA1C-4E58-A70E-60A5517EBEAE}.Debug|Any CPU.ActiveCfg = Debug|Any CPU
		{25AFF640-DA1C-4E58-A70E-60A5517EBEAE}.Debug|Any CPU.Build.0 = Debug|Any CPU
		{25AFF640-DA1C-4E58-A70E-60A5517EBEAE}.Release|Any CPU.ActiveCfg = Release|Any CPU
		{25AFF640-DA1C-4E58-A70E-60A5517EBEAE}.Release|Any CPU.Build.0 = Release|Any CPU
	EndGlobalSection
	GlobalSection(SolutionProperties) = preSolution
		HideSolutionNode = FALSE
	EndGlobalSection
EndGlobal
